// !$*UTF8*$!
{
	archiveVersion = 1;
	classes = {
	};
	objectVersion = 56;
	objects = {

/* Begin PBXBuildFile section */
		9B744FF8299758E500426F6E /* LandmarksApp.swift in Sources */ = {isa = PBXBuildFile; fileRef = 9B744FF7299758E500426F6E /* LandmarksApp.swift */; };
		9B744FFA299758E500426F6E /* ContentView.swift in Sources */ = {isa = PBXBuildFile; fileRef = 9B744FF9299758E500426F6E /* ContentView.swift */; };
		9B744FFC299758E600426F6E /* Assets.xcassets in Resources */ = {isa = PBXBuildFile; fileRef = 9B744FFB299758E600426F6E /* Assets.xcassets */; };
		9B744FFF299758E600426F6E /* Preview Assets.xcassets in Resources */ = {isa = PBXBuildFile; fileRef = 9B744FFE299758E600426F6E /* Preview Assets.xcassets */; };
		9B74500629975BE000426F6E /* CircleImage.swift in Sources */ = {isa = PBXBuildFile; fileRef = 9B74500529975BE000426F6E /* CircleImage.swift */; };
		9B74500829975C7400426F6E /* MapView.swift in Sources */ = {isa = PBXBuildFile; fileRef = 9B74500729975C7400426F6E /* MapView.swift */; };
		9B74500B2997616300426F6E /* landmarkData.json in Resources */ = {isa = PBXBuildFile; fileRef = 9B74500A2997616300426F6E /* landmarkData.json */; };
		9B74500D2997617800426F6E /* Landmark.swift in Sources */ = {isa = PBXBuildFile; fileRef = 9B74500C2997617800426F6E /* Landmark.swift */; };
		9B745010299762F600426F6E /* ModelData.swift in Sources */ = {isa = PBXBuildFile; fileRef = 9B74500F299762F600426F6E /* ModelData.swift */; };
		9BFA5AC62997680D00A3ECD0 /* LandmarkRow.swift in Sources */ = {isa = PBXBuildFile; fileRef = 9BFA5AC52997680D00A3ECD0 /* LandmarkRow.swift */; };
		9BFA5AC829976B1300A3ECD0 /* LandmarkList.swift in Sources */ = {isa = PBXBuildFile; fileRef = 9BFA5AC729976B1300A3ECD0 /* LandmarkList.swift */; };
		9BFA5ACA29976BE500A3ECD0 /* LandmarkDetail.swift in Sources */ = {isa = PBXBuildFile; fileRef = 9BFA5AC929976BE500A3ECD0 /* LandmarkDetail.swift */; };
		9BFA5B032998939600A3ECD0 /* CoreGraphics.framework in Frameworks */ = {isa = PBXBuildFile; fileRef = 9BFA5B012998937900A3ECD0 /* CoreGraphics.framework */; };
		9BFA5B0729989B1300A3ECD0 /* FavoriteButton.swift in Sources */ = {isa = PBXBuildFile; fileRef = 9BFA5B0629989B1300A3ECD0 /* FavoriteButton.swift */; };
		9BFA5B0B29989D5800A3ECD0 /* HexagonParameters.swift in Sources */ = {isa = PBXBuildFile; fileRef = 9BFA5B0A29989D5800A3ECD0 /* HexagonParameters.swift */; };
		9BFA5B0D29989EA900A3ECD0 /* BadgeBackground.swift in Sources */ = {isa = PBXBuildFile; fileRef = 9BFA5B0C29989EA900A3ECD0 /* BadgeBackground.swift */; };
		9BFA5B0F2998BA6200A3ECD0 /* BadgeSymbol.swift in Sources */ = {isa = PBXBuildFile; fileRef = 9BFA5B0E2998BA6200A3ECD0 /* BadgeSymbol.swift */; };
		9BFA5B112998BC2E00A3ECD0 /* RotatedBadgeSymbol.swift in Sources */ = {isa = PBXBuildFile; fileRef = 9BFA5B102998BC2D00A3ECD0 /* RotatedBadgeSymbol.swift */; };
		9BFA5B142998BC7B00A3ECD0 /* Badge.swift in Sources */ = {isa = PBXBuildFile; fileRef = 9BFA5B132998BC7B00A3ECD0 /* Badge.swift */; };
		9BFA5B162998BE1A00A3ECD0 /* hikeData.json in Resources */ = {isa = PBXBuildFile; fileRef = 9BFA5B152998BE1A00A3ECD0 /* hikeData.json */; };
		9BFA5B182998BE5400A3ECD0 /* Hike.swift in Sources */ = {isa = PBXBuildFile; fileRef = 9BFA5B172998BE5400A3ECD0 /* Hike.swift */; };
		9BFA5B1E2998BF9000A3ECD0 /* GraphCapsule.swift in Sources */ = {isa = PBXBuildFile; fileRef = 9BFA5B1A2998BF9000A3ECD0 /* GraphCapsule.swift */; };
		9BFA5B1F2998BF9000A3ECD0 /* HikeGraph.swift in Sources */ = {isa = PBXBuildFile; fileRef = 9BFA5B1B2998BF9000A3ECD0 /* HikeGraph.swift */; };
		9BFA5B202998BF9000A3ECD0 /* HikeDetail.swift in Sources */ = {isa = PBXBuildFile; fileRef = 9BFA5B1C2998BF9000A3ECD0 /* HikeDetail.swift */; };
		9BFA5B212998BF9000A3ECD0 /* HikeView.swift in Sources */ = {isa = PBXBuildFile; fileRef = 9BFA5B1D2998BF9000A3ECD0 /* HikeView.swift */; };
		9BFA5B242998C3BB00A3ECD0 /* CategoryHome.swift in Sources */ = {isa = PBXBuildFile; fileRef = 9BFA5B232998C3BB00A3ECD0 /* CategoryHome.swift */; };
		9BFA5B262998C4EA00A3ECD0 /* CategoryRow.swift in Sources */ = {isa = PBXBuildFile; fileRef = 9BFA5B252998C4EA00A3ECD0 /* CategoryRow.swift */; };
		9BFA5B282998C61000A3ECD0 /* CategoryItem.swift in Sources */ = {isa = PBXBuildFile; fileRef = 9BFA5B272998C61000A3ECD0 /* CategoryItem.swift */; };
		9BFA5B2A2998CB2200A3ECD0 /* Profile.swift in Sources */ = {isa = PBXBuildFile; fileRef = 9BFA5B292998CB2200A3ECD0 /* Profile.swift */; };
		9BFA5B2D2998CBCF00A3ECD0 /* ProfileHost.swift in Sources */ = {isa = PBXBuildFile; fileRef = 9BFA5B2C2998CBCF00A3ECD0 /* ProfileHost.swift */; };
		9BFA5B2F2998CC2600A3ECD0 /* ProfileSummary.swift in Sources */ = {isa = PBXBuildFile; fileRef = 9BFA5B2E2998CC2600A3ECD0 /* ProfileSummary.swift */; };
		9BFA5B312998CD3300A3ECD0 /* HikeBadge.swift in Sources */ = {isa = PBXBuildFile; fileRef = 9BFA5B302998CD3300A3ECD0 /* HikeBadge.swift */; };
/* End PBXBuildFile section */

/* Begin PBXFileReference section */
		9B744FF4299758E500426F6E /* Landmarks.app */ = {isa = PBXFileReference; explicitFileType = wrapper.application; includeInIndex = 0; path = Landmarks.app; sourceTree = BUILT_PRODUCTS_DIR; };
		9B744FF7299758E500426F6E /* LandmarksApp.swift */ = {isa = PBXFileReference; lastKnownFileType = sourcecode.swift; path = LandmarksApp.swift; sourceTree = "<group>"; };
		9B744FF9299758E500426F6E /* ContentView.swift */ = {isa = PBXFileReference; lastKnownFileType = sourcecode.swift; path = ContentView.swift; sourceTree = "<group>"; };
		9B744FFB299758E600426F6E /* Assets.xcassets */ = {isa = PBXFileReference; lastKnownFileType = folder.assetcatalog; path = Assets.xcassets; sourceTree = "<group>"; };
		9B744FFE299758E600426F6E /* Preview Assets.xcassets */ = {isa = PBXFileReference; lastKnownFileType = folder.assetcatalog; path = "Preview Assets.xcassets"; sourceTree = "<group>"; };
		9B74500529975BE000426F6E /* CircleImage.swift */ = {isa = PBXFileReference; lastKnownFileType = sourcecode.swift; path = CircleImage.swift; sourceTree = "<group>"; };
		9B74500729975C7400426F6E /* MapView.swift */ = {isa = PBXFileReference; lastKnownFileType = sourcecode.swift; path = MapView.swift; sourceTree = "<group>"; };
		9B74500A2997616300426F6E /* landmarkData.json */ = {isa = PBXFileReference; fileEncoding = 4; lastKnownFileType = text.json; path = landmarkData.json; sourceTree = "<group>"; };
		9B74500C2997617800426F6E /* Landmark.swift */ = {isa = PBXFileReference; lastKnownFileType = sourcecode.swift; path = Landmark.swift; sourceTree = "<group>"; };
		9B74500F299762F600426F6E /* ModelData.swift */ = {isa = PBXFileReference; lastKnownFileType = sourcecode.swift; path = ModelData.swift; sourceTree = "<group>"; };
		9BFA5AC52997680D00A3ECD0 /* LandmarkRow.swift */ = {isa = PBXFileReference; lastKnownFileType = sourcecode.swift; path = LandmarkRow.swift; sourceTree = "<group>"; };
		9BFA5AC729976B1300A3ECD0 /* LandmarkList.swift */ = {isa = PBXFileReference; lastKnownFileType = sourcecode.swift; path = LandmarkList.swift; sourceTree = "<group>"; };
		9BFA5AC929976BE500A3ECD0 /* LandmarkDetail.swift */ = {isa = PBXFileReference; lastKnownFileType = sourcecode.swift; path = LandmarkDetail.swift; sourceTree = "<group>"; };
		9BFA5B012998937900A3ECD0 /* CoreGraphics.framework */ = {isa = PBXFileReference; lastKnownFileType = wrapper.framework; name = CoreGraphics.framework; path = System/Library/Frameworks/CoreGraphics.framework; sourceTree = SDKROOT; };
		9BFA5B0629989B1300A3ECD0 /* FavoriteButton.swift */ = {isa = PBXFileReference; lastKnownFileType = sourcecode.swift; path = FavoriteButton.swift; sourceTree = "<group>"; };
		9BFA5B0A29989D5800A3ECD0 /* HexagonParameters.swift */ = {isa = PBXFileReference; lastKnownFileType = sourcecode.swift; path = HexagonParameters.swift; sourceTree = "<group>"; };
		9BFA5B0C29989EA900A3ECD0 /* BadgeBackground.swift */ = {isa = PBXFileReference; lastKnownFileType = sourcecode.swift; path = BadgeBackground.swift; sourceTree = "<group>"; };
		9BFA5B0E2998BA6200A3ECD0 /* BadgeSymbol.swift */ = {isa = PBXFileReference; lastKnownFileType = sourcecode.swift; path = BadgeSymbol.swift; sourceTree = "<group>"; };
		9BFA5B102998BC2D00A3ECD0 /* RotatedBadgeSymbol.swift */ = {isa = PBXFileReference; lastKnownFileType = sourcecode.swift; path = RotatedBadgeSymbol.swift; sourceTree = "<group>"; };
		9BFA5B132998BC7B00A3ECD0 /* Badge.swift */ = {isa = PBXFileReference; lastKnownFileType = sourcecode.swift; path = Badge.swift; sourceTree = "<group>"; };
		9BFA5B152998BE1A00A3ECD0 /* hikeData.json */ = {isa = PBXFileReference; fileEncoding = 4; lastKnownFileType = text.json; path = hikeData.json; sourceTree = "<group>"; };
		9BFA5B172998BE5400A3ECD0 /* Hike.swift */ = {isa = PBXFileReference; lastKnownFileType = sourcecode.swift; path = Hike.swift; sourceTree = "<group>"; };
		9BFA5B1A2998BF9000A3ECD0 /* GraphCapsule.swift */ = {isa = PBXFileReference; fileEncoding = 4; lastKnownFileType = sourcecode.swift; path = GraphCapsule.swift; sourceTree = "<group>"; };
		9BFA5B1B2998BF9000A3ECD0 /* HikeGraph.swift */ = {isa = PBXFileReference; fileEncoding = 4; lastKnownFileType = sourcecode.swift; path = HikeGraph.swift; sourceTree = "<group>"; };
		9BFA5B1C2998BF9000A3ECD0 /* HikeDetail.swift */ = {isa = PBXFileReference; fileEncoding = 4; lastKnownFileType = sourcecode.swift; path = HikeDetail.swift; sourceTree = "<group>"; };
		9BFA5B1D2998BF9000A3ECD0 /* HikeView.swift */ = {isa = PBXFileReference; fileEncoding = 4; lastKnownFileType = sourcecode.swift; path = HikeView.swift; sourceTree = "<group>"; };
		9BFA5B232998C3BB00A3ECD0 /* CategoryHome.swift */ = {isa = PBXFileReference; lastKnownFileType = sourcecode.swift; path = CategoryHome.swift; sourceTree = "<group>"; };
		9BFA5B252998C4EA00A3ECD0 /* CategoryRow.swift */ = {isa = PBXFileReference; lastKnownFileType = sourcecode.swift; path = CategoryRow.swift; sourceTree = "<group>"; };
		9BFA5B272998C61000A3ECD0 /* CategoryItem.swift */ = {isa = PBXFileReference; lastKnownFileType = sourcecode.swift; path = CategoryItem.swift; sourceTree = "<group>"; };
		9BFA5B292998CB2200A3ECD0 /* Profile.swift */ = {isa = PBXFileReference; lastKnownFileType = sourcecode.swift; path = Profile.swift; sourceTree = "<group>"; };
		9BFA5B2C2998CBCF00A3ECD0 /* ProfileHost.swift */ = {isa = PBXFileReference; lastKnownFileType = sourcecode.swift; path = ProfileHost.swift; sourceTree = "<group>"; };
		9BFA5B2E2998CC2600A3ECD0 /* ProfileSummary.swift */ = {isa = PBXFileReference; lastKnownFileType = sourcecode.swift; path = ProfileSummary.swift; sourceTree = "<group>"; };
		9BFA5B302998CD3300A3ECD0 /* HikeBadge.swift */ = {isa = PBXFileReference; lastKnownFileType = sourcecode.swift; path = HikeBadge.swift; sourceTree = "<group>"; };
/* End PBXFileReference section */

/* Begin PBXFrameworksBuildPhase section */
		9B744FF1299758E500426F6E /* Frameworks */ = {
			isa = PBXFrameworksBuildPhase;
			buildActionMask = 2147483647;
			files = (
				9BFA5B032998939600A3ECD0 /* CoreGraphics.framework in Frameworks */,
			);
			runOnlyForDeploymentPostprocessing = 0;
		};
/* End PBXFrameworksBuildPhase section */

/* Begin PBXGroup section */
		9B744FEB299758E500426F6E = {
			isa = PBXGroup;
			children = (
				9B744FF6299758E500426F6E /* Landmarks */,
				9B744FF5299758E500426F6E /* Products */,
				9BFA5B002998937800A3ECD0 /* Frameworks */,
			);
			sourceTree = "<group>";
		};
		9B744FF5299758E500426F6E /* Products */ = {
			isa = PBXGroup;
			children = (
				9B744FF4299758E500426F6E /* Landmarks.app */,
			);
			name = Products;
			sourceTree = "<group>";
		};
		9B744FF6299758E500426F6E /* Landmarks */ = {
			isa = PBXGroup;
			children = (
				9B744FF7299758E500426F6E /* LandmarksApp.swift */,
				9B7450112997641E00426F6E /* Resources */,
				9B74500E299761CB00426F6E /* Models */,
				9B74500929975C8400426F6E /* Views */,
				9B744FFB299758E600426F6E /* Assets.xcassets */,
				9B744FFD299758E600426F6E /* Preview Content */,
			);
			path = Landmarks;
			sourceTree = "<group>";
		};
		9B744FFD299758E600426F6E /* Preview Content */ = {
			isa = PBXGroup;
			children = (
				9B744FFE299758E600426F6E /* Preview Assets.xcassets */,
			);
			path = "Preview Content";
			sourceTree = "<group>";
		};
		9B74500929975C8400426F6E /* Views */ = {
			isa = PBXGroup;
			children = (
				9B744FF9299758E500426F6E /* ContentView.swift */,
				9BFA5B2B2998CBA700A3ECD0 /* Profiles */,
				9BFA5B222998C39900A3ECD0 /* Categories */,
				9BFA5B192998BF9000A3ECD0 /* Hikes */,
				9BFA5B122998BC6700A3ECD0 /* Badge */,
				9BFA5B0929989B8F00A3ECD0 /* Helpers */,
				9BFA5B0829989B8800A3ECD0 /* Landmarks */,
				9BFA5AC52997680D00A3ECD0 /* LandmarkRow.swift */,
				9BFA5AC729976B1300A3ECD0 /* LandmarkList.swift */,
				9BFA5AC929976BE500A3ECD0 /* LandmarkDetail.swift */,
			);
			path = Views;
			sourceTree = "<group>";
		};
		9B74500E299761CB00426F6E /* Models */ = {
			isa = PBXGroup;
			children = (
				9B74500C2997617800426F6E /* Landmark.swift */,
				9B74500F299762F600426F6E /* ModelData.swift */,
				9BFA5B172998BE5400A3ECD0 /* Hike.swift */,
				9BFA5B292998CB2200A3ECD0 /* Profile.swift */,
			);
			path = Models;
			sourceTree = "<group>";
		};
		9B7450112997641E00426F6E /* Resources */ = {
			isa = PBXGroup;
			children = (
				9BFA5B152998BE1A00A3ECD0 /* hikeData.json */,
				9B74500A2997616300426F6E /* landmarkData.json */,
			);
			path = Resources;
			sourceTree = "<group>";
		};
		9BFA5B002998937800A3ECD0 /* Frameworks */ = {
			isa = PBXGroup;
			children = (
				9BFA5B012998937900A3ECD0 /* CoreGraphics.framework */,
			);
			name = Frameworks;
			sourceTree = "<group>";
		};
		9BFA5B0829989B8800A3ECD0 /* Landmarks */ = {
			isa = PBXGroup;
			children = (
			);
			path = Landmarks;
			sourceTree = "<group>";
		};
		9BFA5B0929989B8F00A3ECD0 /* Helpers */ = {
			isa = PBXGroup;
			children = (
				9B74500729975C7400426F6E /* MapView.swift */,
				9B74500529975BE000426F6E /* CircleImage.swift */,
				9BFA5B0629989B1300A3ECD0 /* FavoriteButton.swift */,
			);
			path = Helpers;
			sourceTree = "<group>";
		};
		9BFA5B122998BC6700A3ECD0 /* Badge */ = {
			isa = PBXGroup;
			children = (
				9BFA5B132998BC7B00A3ECD0 /* Badge.swift */,
				9BFA5B102998BC2D00A3ECD0 /* RotatedBadgeSymbol.swift */,
				9BFA5B0E2998BA6200A3ECD0 /* BadgeSymbol.swift */,
				9BFA5B0C29989EA900A3ECD0 /* BadgeBackground.swift */,
				9BFA5B0A29989D5800A3ECD0 /* HexagonParameters.swift */,
			);
			path = Badge;
			sourceTree = "<group>";
		};
		9BFA5B192998BF9000A3ECD0 /* Hikes */ = {
			isa = PBXGroup;
			children = (
				9BFA5B1A2998BF9000A3ECD0 /* GraphCapsule.swift */,
				9BFA5B1B2998BF9000A3ECD0 /* HikeGraph.swift */,
				9BFA5B1C2998BF9000A3ECD0 /* HikeDetail.swift */,
				9BFA5B1D2998BF9000A3ECD0 /* HikeView.swift */,
				9BFA5B302998CD3300A3ECD0 /* HikeBadge.swift */,
			);
			path = Hikes;
			sourceTree = "<group>";
		};
		9BFA5B222998C39900A3ECD0 /* Categories */ = {
			isa = PBXGroup;
			children = (
				9BFA5B232998C3BB00A3ECD0 /* CategoryHome.swift */,
				9BFA5B252998C4EA00A3ECD0 /* CategoryRow.swift */,
				9BFA5B272998C61000A3ECD0 /* CategoryItem.swift */,
			);
			path = Categories;
			sourceTree = "<group>";
		};
		9BFA5B2B2998CBA700A3ECD0 /* Profiles */ = {
			isa = PBXGroup;
			children = (
				9BFA5B2C2998CBCF00A3ECD0 /* ProfileHost.swift */,
				9BFA5B2E2998CC2600A3ECD0 /* ProfileSummary.swift */,
			);
			path = Profiles;
			sourceTree = "<group>";
		};
/* End PBXGroup section */

/* Begin PBXNativeTarget section */
		9B744FF3299758E500426F6E /* Landmarks */ = {
			isa = PBXNativeTarget;
			buildConfigurationList = 9B745002299758E600426F6E /* Build configuration list for PBXNativeTarget "Landmarks" */;
			buildPhases = (
				9B744FF0299758E500426F6E /* Sources */,
				9B744FF1299758E500426F6E /* Frameworks */,
				9B744FF2299758E500426F6E /* Resources */,
			);
			buildRules = (
			);
			dependencies = (
			);
			name = Landmarks;
			productName = Landmarks;
			productReference = 9B744FF4299758E500426F6E /* Landmarks.app */;
			productType = "com.apple.product-type.application";
		};
/* End PBXNativeTarget section */

/* Begin PBXProject section */
		9B744FEC299758E500426F6E /* Project object */ = {
			isa = PBXProject;
			attributes = {
				BuildIndependentTargetsInParallel = 1;
				LastSwiftUpdateCheck = 1400;
				LastUpgradeCheck = 1400;
				TargetAttributes = {
					9B744FF3299758E500426F6E = {
						CreatedOnToolsVersion = 14.0.1;
					};
				};
			};
			buildConfigurationList = 9B744FEF299758E500426F6E /* Build configuration list for PBXProject "Landmarks" */;
			compatibilityVersion = "Xcode 14.0";
			developmentRegion = en;
			hasScannedForEncodings = 0;
			knownRegions = (
				en,
				Base,
			);
			mainGroup = 9B744FEB299758E500426F6E;
			productRefGroup = 9B744FF5299758E500426F6E /* Products */;
			projectDirPath = "";
			projectRoot = "";
			targets = (
				9B744FF3299758E500426F6E /* Landmarks */,
			);
		};
/* End PBXProject section */

/* Begin PBXResourcesBuildPhase section */
		9B744FF2299758E500426F6E /* Resources */ = {
			isa = PBXResourcesBuildPhase;
			buildActionMask = 2147483647;
			files = (
				9BFA5B162998BE1A00A3ECD0 /* hikeData.json in Resources */,
				9B744FFF299758E600426F6E /* Preview Assets.xcassets in Resources */,
				9B744FFC299758E600426F6E /* Assets.xcassets in Resources */,
				9B74500B2997616300426F6E /* landmarkData.json in Resources */,
			);
			runOnlyForDeploymentPostprocessing = 0;
		};
/* End PBXResourcesBuildPhase section */

/* Begin PBXSourcesBuildPhase section */
		9B744FF0299758E500426F6E /* Sources */ = {
			isa = PBXSourcesBuildPhase;
			buildActionMask = 2147483647;
			files = (
				9BFA5B262998C4EA00A3ECD0 /* CategoryRow.swift in Sources */,
				9BFA5B2A2998CB2200A3ECD0 /* Profile.swift in Sources */,
				9B744FFA299758E500426F6E /* ContentView.swift in Sources */,
				9BFA5B242998C3BB00A3ECD0 /* CategoryHome.swift in Sources */,
				9BFA5B1F2998BF9000A3ECD0 /* HikeGraph.swift in Sources */,
				9BFA5B142998BC7B00A3ECD0 /* Badge.swift in Sources */,
				9B74500829975C7400426F6E /* MapView.swift in Sources */,
				9BFA5B1E2998BF9000A3ECD0 /* GraphCapsule.swift in Sources */,
				9B744FF8299758E500426F6E /* LandmarksApp.swift in Sources */,
				9BFA5B0729989B1300A3ECD0 /* FavoriteButton.swift in Sources */,
				9BFA5B282998C61000A3ECD0 /* CategoryItem.swift in Sources */,
				9BFA5B202998BF9000A3ECD0 /* HikeDetail.swift in Sources */,
				9BFA5B2F2998CC2600A3ECD0 /* ProfileSummary.swift in Sources */,
				9BFA5B0B29989D5800A3ECD0 /* HexagonParameters.swift in Sources */,
				9BFA5B2D2998CBCF00A3ECD0 /* ProfileHost.swift in Sources */,
				9BFA5B182998BE5400A3ECD0 /* Hike.swift in Sources */,
				9BFA5B112998BC2E00A3ECD0 /* RotatedBadgeSymbol.swift in Sources */,
				9BFA5B0F2998BA6200A3ECD0 /* BadgeSymbol.swift in Sources */,
				9BFA5AC829976B1300A3ECD0 /* LandmarkList.swift in Sources */,
				9BFA5B212998BF9000A3ECD0 /* HikeView.swift in Sources */,
				9BFA5ACA29976BE500A3ECD0 /* LandmarkDetail.swift in Sources */,
				9BFA5B0D29989EA900A3ECD0 /* BadgeBackground.swift in Sources */,
				9BFA5B312998CD3300A3ECD0 /* HikeBadge.swift in Sources */,
				9B74500629975BE000426F6E /* CircleImage.swift in Sources */,
				9B74500D2997617800426F6E /* Landmark.swift in Sources */,
				9BFA5AC62997680D00A3ECD0 /* LandmarkRow.swift in Sources */,
				9B745010299762F600426F6E /* ModelData.swift in Sources */,
			);
			runOnlyForDeploymentPostprocessing = 0;
		};
/* End PBXSourcesBuildPhase section */

/* Begin XCBuildConfiguration section */
		9B745000299758E600426F6E /* Debug */ = {
			isa = XCBuildConfiguration;
			buildSettings = {
				ALWAYS_SEARCH_USER_PATHS = NO;
				CLANG_ANALYZER_NONNULL = YES;
				CLANG_ANALYZER_NUMBER_OBJECT_CONVERSION = YES_AGGRESSIVE;
				CLANG_CXX_LANGUAGE_STANDARD = "gnu++20";
				CLANG_ENABLE_MODULES = YES;
				CLANG_ENABLE_OBJC_ARC = YES;
				CLANG_ENABLE_OBJC_WEAK = YES;
				CLANG_WARN_BLOCK_CAPTURE_AUTORELEASING = YES;
				CLANG_WARN_BOOL_CONVERSION = YES;
				CLANG_WARN_COMMA = YES;
				CLANG_WARN_CONSTANT_CONVERSION = YES;
				CLANG_WARN_DEPRECATED_OBJC_IMPLEMENTATIONS = YES;
				CLANG_WARN_DIRECT_OBJC_ISA_USAGE = YES_ERROR;
				CLANG_WARN_DOCUMENTATION_COMMENTS = YES;
				CLANG_WARN_EMPTY_BODY = YES;
				CLANG_WARN_ENUM_CONVERSION = YES;
				CLANG_WARN_INFINITE_RECURSION = YES;
				CLANG_WARN_INT_CONVERSION = YES;
				CLANG_WARN_NON_LITERAL_NULL_CONVERSION = YES;
				CLANG_WARN_OBJC_IMPLICIT_RETAIN_SELF = YES;
				CLANG_WARN_OBJC_LITERAL_CONVERSION = YES;
				CLANG_WARN_OBJC_ROOT_CLASS = YES_ERROR;
				CLANG_WARN_QUOTED_INCLUDE_IN_FRAMEWORK_HEADER = YES;
				CLANG_WARN_RANGE_LOOP_ANALYSIS = YES;
				CLANG_WARN_STRICT_PROTOTYPES = YES;
				CLANG_WARN_SUSPICIOUS_MOVE = YES;
				CLANG_WARN_UNGUARDED_AVAILABILITY = YES_AGGRESSIVE;
				CLANG_WARN_UNREACHABLE_CODE = YES;
				CLANG_WARN__DUPLICATE_METHOD_MATCH = YES;
				COPY_PHASE_STRIP = NO;
				DEBUG_INFORMATION_FORMAT = dwarf;
				ENABLE_STRICT_OBJC_MSGSEND = YES;
				ENABLE_TESTABILITY = YES;
				GCC_C_LANGUAGE_STANDARD = gnu11;
				GCC_DYNAMIC_NO_PIC = NO;
				GCC_NO_COMMON_BLOCKS = YES;
				GCC_OPTIMIZATION_LEVEL = 0;
				GCC_PREPROCESSOR_DEFINITIONS = (
					"DEBUG=1",
					"$(inherited)",
				);
				GCC_WARN_64_TO_32_BIT_CONVERSION = YES;
				GCC_WARN_ABOUT_RETURN_TYPE = YES_ERROR;
				GCC_WARN_UNDECLARED_SELECTOR = YES;
				GCC_WARN_UNINITIALIZED_AUTOS = YES_AGGRESSIVE;
				GCC_WARN_UNUSED_FUNCTION = YES;
				GCC_WARN_UNUSED_VARIABLE = YES;
				IPHONEOS_DEPLOYMENT_TARGET = 16.0;
				MTL_ENABLE_DEBUG_INFO = INCLUDE_SOURCE;
				MTL_FAST_MATH = YES;
				ONLY_ACTIVE_ARCH = YES;
				SDKROOT = iphoneos;
				SWIFT_ACTIVE_COMPILATION_CONDITIONS = DEBUG;
				SWIFT_OPTIMIZATION_LEVEL = "-Onone";
			};
			name = Debug;
		};
		9B745001299758E600426F6E /* Release */ = {
			isa = XCBuildConfiguration;
			buildSettings = {
				ALWAYS_SEARCH_USER_PATHS = NO;
				CLANG_ANALYZER_NONNULL = YES;
				CLANG_ANALYZER_NUMBER_OBJECT_CONVERSION = YES_AGGRESSIVE;
				CLANG_CXX_LANGUAGE_STANDARD = "gnu++20";
				CLANG_ENABLE_MODULES = YES;
				CLANG_ENABLE_OBJC_ARC = YES;
				CLANG_ENABLE_OBJC_WEAK = YES;
				CLANG_WARN_BLOCK_CAPTURE_AUTORELEASING = YES;
				CLANG_WARN_BOOL_CONVERSION = YES;
				CLANG_WARN_COMMA = YES;
				CLANG_WARN_CONSTANT_CONVERSION = YES;
				CLANG_WARN_DEPRECATED_OBJC_IMPLEMENTATIONS = YES;
				CLANG_WARN_DIRECT_OBJC_ISA_USAGE = YES_ERROR;
				CLANG_WARN_DOCUMENTATION_COMMENTS = YES;
				CLANG_WARN_EMPTY_BODY = YES;
				CLANG_WARN_ENUM_CONVERSION = YES;
				CLANG_WARN_INFINITE_RECURSION = YES;
				CLANG_WARN_INT_CONVERSION = YES;
				CLANG_WARN_NON_LITERAL_NULL_CONVERSION = YES;
				CLANG_WARN_OBJC_IMPLICIT_RETAIN_SELF = YES;
				CLANG_WARN_OBJC_LITERAL_CONVERSION = YES;
				CLANG_WARN_OBJC_ROOT_CLASS = YES_ERROR;
				CLANG_WARN_QUOTED_INCLUDE_IN_FRAMEWORK_HEADER = YES;
				CLANG_WARN_RANGE_LOOP_ANALYSIS = YES;
				CLANG_WARN_STRICT_PROTOTYPES = YES;
				CLANG_WARN_SUSPICIOUS_MOVE = YES;
				CLANG_WARN_UNGUARDED_AVAILABILITY = YES_AGGRESSIVE;
				CLANG_WARN_UNREACHABLE_CODE = YES;
				CLANG_WARN__DUPLICATE_METHOD_MATCH = YES;
				COPY_PHASE_STRIP = NO;
				DEBUG_INFORMATION_FORMAT = "dwarf-with-dsym";
				ENABLE_NS_ASSERTIONS = NO;
				ENABLE_STRICT_OBJC_MSGSEND = YES;
				GCC_C_LANGUAGE_STANDARD = gnu11;
				GCC_NO_COMMON_BLOCKS = YES;
				GCC_WARN_64_TO_32_BIT_CONVERSION = YES;
				GCC_WARN_ABOUT_RETURN_TYPE = YES_ERROR;
				GCC_WARN_UNDECLARED_SELECTOR = YES;
				GCC_WARN_UNINITIALIZED_AUTOS = YES_AGGRESSIVE;
				GCC_WARN_UNUSED_FUNCTION = YES;
				GCC_WARN_UNUSED_VARIABLE = YES;
				IPHONEOS_DEPLOYMENT_TARGET = 16.0;
				MTL_ENABLE_DEBUG_INFO = NO;
				MTL_FAST_MATH = YES;
				SDKROOT = iphoneos;
				SWIFT_COMPILATION_MODE = wholemodule;
				SWIFT_OPTIMIZATION_LEVEL = "-O";
				VALIDATE_PRODUCT = YES;
			};
			name = Release;
		};
		9B745003299758E600426F6E /* Debug */ = {
			isa = XCBuildConfiguration;
			buildSettings = {
				ASSETCATALOG_COMPILER_APPICON_NAME = AppIcon;
				ASSETCATALOG_COMPILER_GLOBAL_ACCENT_COLOR_NAME = AccentColor;
				CODE_SIGN_STYLE = Automatic;
				CURRENT_PROJECT_VERSION = 1;
				DEVELOPMENT_ASSET_PATHS = "\"Landmarks/Preview Content\"";
				DEVELOPMENT_TEAM = 7B8LH2Z386;
				ENABLE_PREVIEWS = YES;
				GENERATE_INFOPLIST_FILE = YES;
				INFOPLIST_KEY_UIApplicationSceneManifest_Generation = YES;
				INFOPLIST_KEY_UIApplicationSupportsIndirectInputEvents = YES;
				INFOPLIST_KEY_UILaunchScreen_Generation = YES;
				INFOPLIST_KEY_UISupportedInterfaceOrientations_iPad = "UIInterfaceOrientationPortrait UIInterfaceOrientationPortraitUpsideDown UIInterfaceOrientationLandscapeLeft UIInterfaceOrientationLandscapeRight";
				INFOPLIST_KEY_UISupportedInterfaceOrientations_iPhone = "UIInterfaceOrientationPortrait UIInterfaceOrientationLandscapeLeft UIInterfaceOrientationLandscapeRight";
				LD_RUNPATH_SEARCH_PATHS = (
					"$(inherited)",
					"@executable_path/Frameworks",
				);
				MARKETING_VERSION = 1.0;
				PRODUCT_BUNDLE_IDENTIFIER = com.stephaniemichael.AllLandmarksAppSwiftUI;
				PRODUCT_NAME = "$(TARGET_NAME)";
				SWIFT_EMIT_LOC_STRINGS = YES;
				SWIFT_VERSION = 5.0;
				TARGETED_DEVICE_FAMILY = "1,2";
			};
			name = Debug;
		};
		9B745004299758E600426F6E /* Release */ = {
			isa = XCBuildConfiguration;
			buildSettings = {
				ASSETCATALOG_COMPILER_APPICON_NAME = AppIcon;
				ASSETCATALOG_COMPILER_GLOBAL_ACCENT_COLOR_NAME = AccentColor;
				CODE_SIGN_STYLE = Automatic;
				CURRENT_PROJECT_VERSION = 1;
				DEVELOPMENT_ASSET_PATHS = "\"Landmarks/Preview Content\"";
				DEVELOPMENT_TEAM = 7B8LH2Z386;
				ENABLE_PREVIEWS = YES;
				GENERATE_INFOPLIST_FILE = YES;
				INFOPLIST_KEY_UIApplicationSceneManifest_Generation = YES;
				INFOPLIST_KEY_UIApplicationSupportsIndirectInputEvents = YES;
				INFOPLIST_KEY_UILaunchScreen_Generation = YES;
				INFOPLIST_KEY_UISupportedInterfaceOrientations_iPad = "UIInterfaceOrientationPortrait UIInterfaceOrientationPortraitUpsideDown UIInterfaceOrientationLandscapeLeft UIInterfaceOrientationLandscapeRight";
				INFOPLIST_KEY_UISupportedInterfaceOrientations_iPhone = "UIInterfaceOrientationPortrait UIInterfaceOrientationLandscapeLeft UIInterfaceOrientationLandscapeRight";
				LD_RUNPATH_SEARCH_PATHS = (
					"$(inherited)",
					"@executable_path/Frameworks",
				);
				MARKETING_VERSION = 1.0;
				PRODUCT_BUNDLE_IDENTIFIER = com.stephaniemichael.AllLandmarksAppSwiftUI;
				PRODUCT_NAME = "$(TARGET_NAME)";
				SWIFT_EMIT_LOC_STRINGS = YES;
				SWIFT_VERSION = 5.0;
				TARGETED_DEVICE_FAMILY = "1,2";
			};
			name = Release;
		};
/* End XCBuildConfiguration section */

/* Begin XCConfigurationList section */
		9B744FEF299758E500426F6E /* Build configuration list for PBXProject "Landmarks" */ = {
			isa = XCConfigurationList;
			buildConfigurations = (
				9B745000299758E600426F6E /* Debug */,
				9B745001299758E600426F6E /* Release */,
			);
			defaultConfigurationIsVisible = 0;
			defaultConfigurationName = Release;
		};
		9B745002299758E600426F6E /* Build configuration list for PBXNativeTarget "Landmarks" */ = {
			isa = XCConfigurationList;
			buildConfigurations = (
				9B745003299758E600426F6E /* Debug */,
				9B745004299758E600426F6E /* Release */,
			);
			defaultConfigurationIsVisible = 0;
			defaultConfigurationName = Release;
		};
/* End XCConfigurationList section */
	};
	rootObject = 9B744FEC299758E500426F6E /* Project object */;
}
